// !$*UTF8*$!
{
	archiveVersion = 1;
	classes = {
	};
	objectVersion = 56;
	objects = {

/* Begin PBXBuildFile section */
		73908EC02B8CB0A50049745D /* FinanceApplicationApp.swift in Sources */ = {isa = PBXBuildFile; fileRef = 73908EBF2B8CB0A50049745D /* FinanceApplicationApp.swift */; };
		73908EC22B8CB0A50049745D /* ContentView.swift in Sources */ = {isa = PBXBuildFile; fileRef = 73908EC12B8CB0A50049745D /* ContentView.swift */; };
		73908EC42B8CB0A50049745D /* Item.swift in Sources */ = {isa = PBXBuildFile; fileRef = 73908EC32B8CB0A50049745D /* Item.swift */; };
		73908EC62B8CB0A70049745D /* Assets.xcassets in Resources */ = {isa = PBXBuildFile; fileRef = 73908EC52B8CB0A70049745D /* Assets.xcassets */; };
		73908ECA2B8CB0A70049745D /* Preview Assets.xcassets in Resources */ = {isa = PBXBuildFile; fileRef = 73908EC92B8CB0A70049745D /* Preview Assets.xcassets */; };
		73908ED42B8CB0A70049745D /* FinanceApplicationTests.swift in Sources */ = {isa = PBXBuildFile; fileRef = 73908ED32B8CB0A70049745D /* FinanceApplicationTests.swift */; };
		73908EDE2B8CB0A70049745D /* FinanceApplicationUITests.swift in Sources */ = {isa = PBXBuildFile; fileRef = 73908EDD2B8CB0A70049745D /* FinanceApplicationUITests.swift */; };
		73908EE02B8CB0A70049745D /* FinanceApplicationUITestsLaunchTests.swift in Sources */ = {isa = PBXBuildFile; fileRef = 73908EDF2B8CB0A70049745D /* FinanceApplicationUITestsLaunchTests.swift */; };
/* End PBXBuildFile section */

/* Begin PBXContainerItemProxy section */
		73908ED02B8CB0A70049745D /* PBXContainerItemProxy */ = {
			isa = PBXContainerItemProxy;
			containerPortal = 73908EB42B8CB0A50049745D /* Project object */;
			proxyType = 1;
			remoteGlobalIDString = 73908EBB2B8CB0A50049745D;
			remoteInfo = FinanceApplication;
		};
		73908EDA2B8CB0A70049745D /* PBXContainerItemProxy */ = {
			isa = PBXContainerItemProxy;
			containerPortal = 73908EB42B8CB0A50049745D /* Project object */;
			proxyType = 1;
			remoteGlobalIDString = 73908EBB2B8CB0A50049745D;
			remoteInfo = FinanceApplication;
		};
/* End PBXContainerItemProxy section */

/* Begin PBXFileReference section */
		73908EBC2B8CB0A50049745D /* FinanceApplication.app */ = {isa = PBXFileReference; explicitFileType = wrapper.application; includeInIndex = 0; path = FinanceApplication.app; sourceTree = BUILT_PRODUCTS_DIR; };
		73908EBF2B8CB0A50049745D /* FinanceApplicationApp.swift */ = {isa = PBXFileReference; lastKnownFileType = sourcecode.swift; path = FinanceApplicationApp.swift; sourceTree = "<group>"; };
		73908EC12B8CB0A50049745D /* ContentView.swift */ = {isa = PBXFileReference; lastKnownFileType = sourcecode.swift; path = ContentView.swift; sourceTree = "<group>"; };
		73908EC32B8CB0A50049745D /* Item.swift */ = {isa = PBXFileReference; lastKnownFileType = sourcecode.swift; path = Item.swift; sourceTree = "<group>"; };
		73908EC52B8CB0A70049745D /* Assets.xcassets */ = {isa = PBXFileReference; lastKnownFileType = folder.assetcatalog; path = Assets.xcassets; sourceTree = "<group>"; };
		73908EC72B8CB0A70049745D /* FinanceApplication.entitlements */ = {isa = PBXFileReference; lastKnownFileType = text.plist.entitlements; path = FinanceApplication.entitlements; sourceTree = "<group>"; };
		73908EC92B8CB0A70049745D /* Preview Assets.xcassets */ = {isa = PBXFileReference; lastKnownFileType = folder.assetcatalog; path = "Preview Assets.xcassets"; sourceTree = "<group>"; };
		73908ECF2B8CB0A70049745D /* FinanceApplicationTests.xctest */ = {isa = PBXFileReference; explicitFileType = wrapper.cfbundle; includeInIndex = 0; path = FinanceApplicationTests.xctest; sourceTree = BUILT_PRODUCTS_DIR; };
		73908ED32B8CB0A70049745D /* FinanceApplicationTests.swift */ = {isa = PBXFileReference; lastKnownFileType = sourcecode.swift; path = FinanceApplicationTests.swift; sourceTree = "<group>"; };
		73908ED92B8CB0A70049745D /* FinanceApplicationUITests.xctest */ = {isa = PBXFileReference; explicitFileType = wrapper.cfbundle; includeInIndex = 0; path = FinanceApplicationUITests.xctest; sourceTree = BUILT_PRODUCTS_DIR; };
		73908EDD2B8CB0A70049745D /* FinanceApplicationUITests.swift */ = {isa = PBXFileReference; lastKnownFileType = sourcecode.swift; path = FinanceApplicationUITests.swift; sourceTree = "<group>"; };
		73908EDF2B8CB0A70049745D /* FinanceApplicationUITestsLaunchTests.swift */ = {isa = PBXFileReference; lastKnownFileType = sourcecode.swift; path = FinanceApplicationUITestsLaunchTests.swift; sourceTree = "<group>"; };
/* End PBXFileReference section */

/* Begin PBXFrameworksBuildPhase section */
		73908EB92B8CB0A50049745D /* Frameworks */ = {
			isa = PBXFrameworksBuildPhase;
			buildActionMask = 2147483647;
			files = (
			);
			runOnlyForDeploymentPostprocessing = 0;
		};
		73908ECC2B8CB0A70049745D /* Frameworks */ = {
			isa = PBXFrameworksBuildPhase;
			buildActionMask = 2147483647;
			files = (
			);
			runOnlyForDeploymentPostprocessing = 0;
		};
		73908ED62B8CB0A70049745D /* Frameworks */ = {
			isa = PBXFrameworksBuildPhase;
			buildActionMask = 2147483647;
			files = (
			);
			runOnlyForDeploymentPostprocessing = 0;
		};
/* End PBXFrameworksBuildPhase section */

/* Begin PBXGroup section */
		73908EB32B8CB0A50049745D = {
			isa = PBXGroup;
			children = (
				73908EBE2B8CB0A50049745D /* FinanceApplication */,
				73908ED22B8CB0A70049745D /* FinanceApplicationTests */,
				73908EDC2B8CB0A70049745D /* FinanceApplicationUITests */,
				73908EBD2B8CB0A50049745D /* Products */,
			);
			sourceTree = "<group>";
		};
		73908EBD2B8CB0A50049745D /* Products */ = {
			isa = PBXGroup;
			children = (
				73908EBC2B8CB0A50049745D /* FinanceApplication.app */,
				73908ECF2B8CB0A70049745D /* FinanceApplicationTests.xctest */,
				73908ED92B8CB0A70049745D /* FinanceApplicationUITests.xctest */,
			);
			name = Products;
			sourceTree = "<group>";
		};
		73908EBE2B8CB0A50049745D /* FinanceApplication */ = {
			isa = PBXGroup;
			children = (
				73908EBF2B8CB0A50049745D /* FinanceApplicationApp.swift */,
				73908EC12B8CB0A50049745D /* ContentView.swift */,
				73908EC32B8CB0A50049745D /* Item.swift */,
				73908EC52B8CB0A70049745D /* Assets.xcassets */,
				73908EC72B8CB0A70049745D /* FinanceApplication.entitlements */,
				73908EC82B8CB0A70049745D /* Preview Content */,
			);
			path = FinanceApplication;
			sourceTree = "<group>";
		};
		73908EC82B8CB0A70049745D /* Preview Content */ = {
			isa = PBXGroup;
			children = (
				73908EC92B8CB0A70049745D /* Preview Assets.xcassets */,
			);
			path = "Preview Content";
			sourceTree = "<group>";
		};
		73908ED22B8CB0A70049745D /* FinanceApplicationTests */ = {
			isa = PBXGroup;
			children = (
				73908ED32B8CB0A70049745D /* FinanceApplicationTests.swift */,
			);
			path = FinanceApplicationTests;
			sourceTree = "<group>";
		};
		73908EDC2B8CB0A70049745D /* FinanceApplicationUITests */ = {
			isa = PBXGroup;
			children = (
				73908EDD2B8CB0A70049745D /* FinanceApplicationUITests.swift */,
				73908EDF2B8CB0A70049745D /* FinanceApplicationUITestsLaunchTests.swift */,
			);
			path = FinanceApplicationUITests;
			sourceTree = "<group>";
		};
/* End PBXGroup section */

/* Begin PBXNativeTarget section */
		73908EBB2B8CB0A50049745D /* FinanceApplication */ = {
			isa = PBXNativeTarget;
			buildConfigurationList = 73908EE32B8CB0A70049745D /* Build configuration list for PBXNativeTarget "FinanceApplication" */;
			buildPhases = (
				73908EB82B8CB0A50049745D /* Sources */,
				73908EB92B8CB0A50049745D /* Frameworks */,
				73908EBA2B8CB0A50049745D /* Resources */,
			);
			buildRules = (
			);
			dependencies = (
			);
			name = FinanceApplication;
			productName = FinanceApplication;
			productReference = 73908EBC2B8CB0A50049745D /* FinanceApplication.app */;
			productType = "com.apple.product-type.application";
		};
		73908ECE2B8CB0A70049745D /* FinanceApplicationTests */ = {
			isa = PBXNativeTarget;
			buildConfigurationList = 73908EE62B8CB0A70049745D /* Build configuration list for PBXNativeTarget "FinanceApplicationTests" */;
			buildPhases = (
				73908ECB2B8CB0A70049745D /* Sources */,
				73908ECC2B8CB0A70049745D /* Frameworks */,
				73908ECD2B8CB0A70049745D /* Resources */,
			);
			buildRules = (
			);
			dependencies = (
				73908ED12B8CB0A70049745D /* PBXTargetDependency */,
			);
			name = FinanceApplicationTests;
			productName = FinanceApplicationTests;
			productReference = 73908ECF2B8CB0A70049745D /* FinanceApplicationTests.xctest */;
			productType = "com.apple.product-type.bundle.unit-test";
		};
		73908ED82B8CB0A70049745D /* FinanceApplicationUITests */ = {
			isa = PBXNativeTarget;
			buildConfigurationList = 73908EE92B8CB0A70049745D /* Build configuration list for PBXNativeTarget "FinanceApplicationUITests" */;
			buildPhases = (
				73908ED52B8CB0A70049745D /* Sources */,
				73908ED62B8CB0A70049745D /* Frameworks */,
				73908ED72B8CB0A70049745D /* Resources */,
			);
			buildRules = (
			);
			dependencies = (
				73908EDB2B8CB0A70049745D /* PBXTargetDependency */,
			);
			name = FinanceApplicationUITests;
			productName = FinanceApplicationUITests;
			productReference = 73908ED92B8CB0A70049745D /* FinanceApplicationUITests.xctest */;
			productType = "com.apple.product-type.bundle.ui-testing";
		};
/* End PBXNativeTarget section */

/* Begin PBXProject section */
		73908EB42B8CB0A50049745D /* Project object */ = {
			isa = PBXProject;
			attributes = {
				BuildIndependentTargetsInParallel = 1;
				LastSwiftUpdateCheck = 1520;
				LastUpgradeCheck = 1520;
				TargetAttributes = {
					73908EBB2B8CB0A50049745D = {
						CreatedOnToolsVersion = 15.2;
					};
					73908ECE2B8CB0A70049745D = {
						CreatedOnToolsVersion = 15.2;
						TestTargetID = 73908EBB2B8CB0A50049745D;
					};
					73908ED82B8CB0A70049745D = {
						CreatedOnToolsVersion = 15.2;
						TestTargetID = 73908EBB2B8CB0A50049745D;
					};
				};
			};
			buildConfigurationList = 73908EB72B8CB0A50049745D /* Build configuration list for PBXProject "FinanceApplication" */;
			compatibilityVersion = "Xcode 14.0";
			developmentRegion = en;
			hasScannedForEncodings = 0;
			knownRegions = (
				en,
				Base,
			);
			mainGroup = 73908EB32B8CB0A50049745D;
			productRefGroup = 73908EBD2B8CB0A50049745D /* Products */;
			projectDirPath = "";
			projectRoot = "";
			targets = (
				73908EBB2B8CB0A50049745D /* FinanceApplication */,
				73908ECE2B8CB0A70049745D /* FinanceApplicationTests */,
				73908ED82B8CB0A70049745D /* FinanceApplicationUITests */,
			);
		};
/* End PBXProject section */

/* Begin PBXResourcesBuildPhase section */
		73908EBA2B8CB0A50049745D /* Resources */ = {
			isa = PBXResourcesBuildPhase;
			buildActionMask = 2147483647;
			files = (
				73908ECA2B8CB0A70049745D /* Preview Assets.xcassets in Resources */,
				73908EC62B8CB0A70049745D /* Assets.xcassets in Resources */,
			);
			runOnlyForDeploymentPostprocessing = 0;
		};
		73908ECD2B8CB0A70049745D /* Resources */ = {
			isa = PBXResourcesBuildPhase;
			buildActionMask = 2147483647;
			files = (
			);
			runOnlyForDeploymentPostprocessing = 0;
		};
		73908ED72B8CB0A70049745D /* Resources */ = {
			isa = PBXResourcesBuildPhase;
			buildActionMask = 2147483647;
			files = (
			);
			runOnlyForDeploymentPostprocessing = 0;
		};
/* End PBXResourcesBuildPhase section */

/* Begin PBXSourcesBuildPhase section */
		73908EB82B8CB0A50049745D /* Sources */ = {
			isa = PBXSourcesBuildPhase;
			buildActionMask = 2147483647;
			files = (
				73908EC22B8CB0A50049745D /* ContentView.swift in Sources */,
				73908EC42B8CB0A50049745D /* Item.swift in Sources */,
				73908EC02B8CB0A50049745D /* FinanceApplicationApp.swift in Sources */,
			);
			runOnlyForDeploymentPostprocessing = 0;
		};
		73908ECB2B8CB0A70049745D /* Sources */ = {
			isa = PBXSourcesBuildPhase;
			buildActionMask = 2147483647;
			files = (
				73908ED42B8CB0A70049745D /* FinanceApplicationTests.swift in Sources */,
			);
			runOnlyForDeploymentPostprocessing = 0;
		};
		73908ED52B8CB0A70049745D /* Sources */ = {
			isa = PBXSourcesBuildPhase;
			buildActionMask = 2147483647;
			files = (
				73908EE02B8CB0A70049745D /* FinanceApplicationUITestsLaunchTests.swift in Sources */,
				73908EDE2B8CB0A70049745D /* FinanceApplicationUITests.swift in Sources */,
			);
			runOnlyForDeploymentPostprocessing = 0;
		};
/* End PBXSourcesBuildPhase section */

/* Begin PBXTargetDependency section */
		73908ED12B8CB0A70049745D /* PBXTargetDependency */ = {
			isa = PBXTargetDependency;
			target = 73908EBB2B8CB0A50049745D /* FinanceApplication */;
			targetProxy = 73908ED02B8CB0A70049745D /* PBXContainerItemProxy */;
		};
		73908EDB2B8CB0A70049745D /* PBXTargetDependency */ = {
			isa = PBXTargetDependency;
			target = 73908EBB2B8CB0A50049745D /* FinanceApplication */;
			targetProxy = 73908EDA2B8CB0A70049745D /* PBXContainerItemProxy */;
		};
/* End PBXTargetDependency section */

/* Begin XCBuildConfiguration section */
		73908EE12B8CB0A70049745D /* Debug */ = {
			isa = XCBuildConfiguration;
			buildSettings = {
				ALWAYS_SEARCH_USER_PATHS = NO;
				ASSETCATALOG_COMPILER_GENERATE_SWIFT_ASSET_SYMBOL_EXTENSIONS = YES;
				CLANG_ANALYZER_NONNULL = YES;
				CLANG_ANALYZER_NUMBER_OBJECT_CONVERSION = YES_AGGRESSIVE;
				CLANG_CXX_LANGUAGE_STANDARD = "gnu++20";
				CLANG_ENABLE_MODULES = YES;
				CLANG_ENABLE_OBJC_ARC = YES;
				CLANG_ENABLE_OBJC_WEAK = YES;
				CLANG_WARN_BLOCK_CAPTURE_AUTORELEASING = YES;
				CLANG_WARN_BOOL_CONVERSION = YES;
				CLANG_WARN_COMMA = YES;
				CLANG_WARN_CONSTANT_CONVERSION = YES;
				CLANG_WARN_DEPRECATED_OBJC_IMPLEMENTATIONS = YES;
				CLANG_WARN_DIRECT_OBJC_ISA_USAGE = YES_ERROR;
				CLANG_WARN_DOCUMENTATION_COMMENTS = YES;
				CLANG_WARN_EMPTY_BODY = YES;
				CLANG_WARN_ENUM_CONVERSION = YES;
				CLANG_WARN_INFINITE_RECURSION = YES;
				CLANG_WARN_INT_CONVERSION = YES;
				CLANG_WARN_NON_LITERAL_NULL_CONVERSION = YES;
				CLANG_WARN_OBJC_IMPLICIT_RETAIN_SELF = YES;
				CLANG_WARN_OBJC_LITERAL_CONVERSION = YES;
				CLANG_WARN_OBJC_ROOT_CLASS = YES_ERROR;
				CLANG_WARN_QUOTED_INCLUDE_IN_FRAMEWORK_HEADER = YES;
				CLANG_WARN_RANGE_LOOP_ANALYSIS = YES;
				CLANG_WARN_STRICT_PROTOTYPES = YES;
				CLANG_WARN_SUSPICIOUS_MOVE = YES;
				CLANG_WARN_UNGUARDED_AVAILABILITY = YES_AGGRESSIVE;
				CLANG_WARN_UNREACHABLE_CODE = YES;
				CLANG_WARN__DUPLICATE_METHOD_MATCH = YES;
				COPY_PHASE_STRIP = NO;
				DEBUG_INFORMATION_FORMAT = dwarf;
				ENABLE_STRICT_OBJC_MSGSEND = YES;
				ENABLE_TESTABILITY = YES;
				ENABLE_USER_SCRIPT_SANDBOXING = YES;
				GCC_C_LANGUAGE_STANDARD = gnu17;
				GCC_DYNAMIC_NO_PIC = NO;
				GCC_NO_COMMON_BLOCKS = YES;
				GCC_OPTIMIZATION_LEVEL = 0;
				GCC_PREPROCESSOR_DEFINITIONS = (
					"DEBUG=1",
					"$(inherited)",
				);
				GCC_WARN_64_TO_32_BIT_CONVERSION = YES;
				GCC_WARN_ABOUT_RETURN_TYPE = YES_ERROR;
				GCC_WARN_UNDECLARED_SELECTOR = YES;
				GCC_WARN_UNINITIALIZED_AUTOS = YES_AGGRESSIVE;
				GCC_WARN_UNUSED_FUNCTION = YES;
				GCC_WARN_UNUSED_VARIABLE = YES;
				LOCALIZATION_PREFERS_STRING_CATALOGS = YES;
				MTL_ENABLE_DEBUG_INFO = INCLUDE_SOURCE;
				MTL_FAST_MATH = YES;
				ONLY_ACTIVE_ARCH = YES;
				SWIFT_ACTIVE_COMPILATION_CONDITIONS = "DEBUG $(inherited)";
				SWIFT_OPTIMIZATION_LEVEL = "-Onone";
			};
			name = Debug;
		};
		73908EE22B8CB0A70049745D /* Release */ = {
			isa = XCBuildConfiguration;
			buildSettings = {
				ALWAYS_SEARCH_USER_PATHS = NO;
				ASSETCATALOG_COMPILER_GENERATE_SWIFT_ASSET_SYMBOL_EXTENSIONS = YES;
				CLANG_ANALYZER_NONNULL = YES;
				CLANG_ANALYZER_NUMBER_OBJECT_CONVERSION = YES_AGGRESSIVE;
				CLANG_CXX_LANGUAGE_STANDARD = "gnu++20";
				CLANG_ENABLE_MODULES = YES;
				CLANG_ENABLE_OBJC_ARC = YES;
				CLANG_ENABLE_OBJC_WEAK = YES;
				CLANG_WARN_BLOCK_CAPTURE_AUTORELEASING = YES;
				CLANG_WARN_BOOL_CONVERSION = YES;
				CLANG_WARN_COMMA = YES;
				CLANG_WARN_CONSTANT_CONVERSION = YES;
				CLANG_WARN_DEPRECATED_OBJC_IMPLEMENTATIONS = YES;
				CLANG_WARN_DIRECT_OBJC_ISA_USAGE = YES_ERROR;
				CLANG_WARN_DOCUMENTATION_COMMENTS = YES;
				CLANG_WARN_EMPTY_BODY = YES;
				CLANG_WARN_ENUM_CONVERSION = YES;
				CLANG_WARN_INFINITE_RECURSION = YES;
				CLANG_WARN_INT_CONVERSION = YES;
				CLANG_WARN_NON_LITERAL_NULL_CONVERSION = YES;
				CLANG_WARN_OBJC_IMPLICIT_RETAIN_SELF = YES;
				CLANG_WARN_OBJC_LITERAL_CONVERSION = YES;
				CLANG_WARN_OBJC_ROOT_CLASS = YES_ERROR;
				CLANG_WARN_QUOTED_INCLUDE_IN_FRAMEWORK_HEADER = YES;
				CLANG_WARN_RANGE_LOOP_ANALYSIS = YES;
				CLANG_WARN_STRICT_PROTOTYPES = YES;
				CLANG_WARN_SUSPICIOUS_MOVE = YES;
				CLANG_WARN_UNGUARDED_AVAILABILITY = YES_AGGRESSIVE;
				CLANG_WARN_UNREACHABLE_CODE = YES;
				CLANG_WARN__DUPLICATE_METHOD_MATCH = YES;
				COPY_PHASE_STRIP = NO;
				DEBUG_INFORMATION_FORMAT = "dwarf-with-dsym";
				ENABLE_NS_ASSERTIONS = NO;
				ENABLE_STRICT_OBJC_MSGSEND = YES;
				ENABLE_USER_SCRIPT_SANDBOXING = YES;
				GCC_C_LANGUAGE_STANDARD = gnu17;
				GCC_NO_COMMON_BLOCKS = YES;
				GCC_WARN_64_TO_32_BIT_CONVERSION = YES;
				GCC_WARN_ABOUT_RETURN_TYPE = YES_ERROR;
				GCC_WARN_UNDECLARED_SELECTOR = YES;
				GCC_WARN_UNINITIALIZED_AUTOS = YES_AGGRESSIVE;
				GCC_WARN_UNUSED_FUNCTION = YES;
				GCC_WARN_UNUSED_VARIABLE = YES;
				LOCALIZATION_PREFERS_STRING_CATALOGS = YES;
				MTL_ENABLE_DEBUG_INFO = NO;
				MTL_FAST_MATH = YES;
				SWIFT_COMPILATION_MODE = wholemodule;
			};
			name = Release;
		};
		73908EE42B8CB0A70049745D /* Debug */ = {
			isa = XCBuildConfiguration;
			buildSettings = {
				ASSETCATALOG_COMPILER_APPICON_NAME = AppIcon;
				ASSETCATALOG_COMPILER_GLOBAL_ACCENT_COLOR_NAME = AccentColor;
				CODE_SIGN_ENTITLEMENTS = FinanceApplication/FinanceApplication.entitlements;
				CODE_SIGN_STYLE = Automatic;
				CURRENT_PROJECT_VERSION = 1;
				DEVELOPMENT_ASSET_PATHS = "\"FinanceApplication/Preview Content\"";
				DEVELOPMENT_TEAM = XX3ULK22EF;
				ENABLE_HARDENED_RUNTIME = YES;
				ENABLE_PREVIEWS = YES;
				GENERATE_INFOPLIST_FILE = YES;
				"INFOPLIST_KEY_UIApplicationSceneManifest_Generation[sdk=iphoneos*]" = YES;
				"INFOPLIST_KEY_UIApplicationSceneManifest_Generation[sdk=iphonesimulator*]" = YES;
				"INFOPLIST_KEY_UIApplicationSupportsIndirectInputEvents[sdk=iphoneos*]" = YES;
				"INFOPLIST_KEY_UIApplicationSupportsIndirectInputEvents[sdk=iphonesimulator*]" = YES;
				"INFOPLIST_KEY_UILaunchScreen_Generation[sdk=iphoneos*]" = YES;
				"INFOPLIST_KEY_UILaunchScreen_Generation[sdk=iphonesimulator*]" = YES;
				"INFOPLIST_KEY_UIStatusBarStyle[sdk=iphoneos*]" = UIStatusBarStyleDefault;
				"INFOPLIST_KEY_UIStatusBarStyle[sdk=iphonesimulator*]" = UIStatusBarStyleDefault;
				INFOPLIST_KEY_UISupportedInterfaceOrientations_iPad = "UIInterfaceOrientationPortrait UIInterfaceOrientationPortraitUpsideDown UIInterfaceOrientationLandscapeLeft UIInterfaceOrientationLandscapeRight";
				INFOPLIST_KEY_UISupportedInterfaceOrientations_iPhone = "UIInterfaceOrientationPortrait UIInterfaceOrientationLandscapeLeft UIInterfaceOrientationLandscapeRight";
				IPHONEOS_DEPLOYMENT_TARGET = 17.2;
				LD_RUNPATH_SEARCH_PATHS = "@executable_path/Frameworks";
				"LD_RUNPATH_SEARCH_PATHS[sdk=macosx*]" = "@executable_path/../Frameworks";
				MACOSX_DEPLOYMENT_TARGET = 14.0;
				MARKETING_VERSION = 1.0;
				PRODUCT_BUNDLE_IDENTIFIER = com.ariyuki.FinanceApplication;
				PRODUCT_NAME = "$(TARGET_NAME)";
				SDKROOT = auto;
				SUPPORTED_PLATFORMS = "iphoneos iphonesimulator macosx";
				SWIFT_EMIT_LOC_STRINGS = YES;
				SWIFT_VERSION = 5.0;
				TARGETED_DEVICE_FAMILY = "1,2";
			};
			name = Debug;
		};
		73908EE52B8CB0A70049745D /* Release */ = {
			isa = XCBuildConfiguration;
			buildSettings = {
				ASSETCATALOG_COMPILER_APPICON_NAME = AppIcon;
				ASSETCATALOG_COMPILER_GLOBAL_ACCENT_COLOR_NAME = AccentColor;
				CODE_SIGN_ENTITLEMENTS = FinanceApplication/FinanceApplication.entitlements;
				CODE_SIGN_STYLE = Automatic;
				CURRENT_PROJECT_VERSION = 1;
				DEVELOPMENT_ASSET_PATHS = "\"FinanceApplication/Preview Content\"";
				DEVELOPMENT_TEAM = XX3ULK22EF;
				ENABLE_HARDENED_RUNTIME = YES;
				ENABLE_PREVIEWS = YES;
				GENERATE_INFOPLIST_FILE = YES;
				"INFOPLIST_KEY_UIApplicationSceneManifest_Generation[sdk=iphoneos*]" = YES;
				"INFOPLIST_KEY_UIApplicationSceneManifest_Generation[sdk=iphonesimulator*]" = YES;
				"INFOPLIST_KEY_UIApplicationSupportsIndirectInputEvents[sdk=iphoneos*]" = YES;
				"INFOPLIST_KEY_UIApplicationSupportsIndirectInputEvents[sdk=iphonesimulator*]" = YES;
				"INFOPLIST_KEY_UILaunchScreen_Generation[sdk=iphoneos*]" = YES;
				"INFOPLIST_KEY_UILaunchScreen_Generation[sdk=iphonesimulator*]" = YES;
				"INFOPLIST_KEY_UIStatusBarStyle[sdk=iphoneos*]" = UIStatusBarStyleDefault;
				"INFOPLIST_KEY_UIStatusBarStyle[sdk=iphonesimulator*]" = UIStatusBarStyleDefault;
				INFOPLIST_KEY_UISupportedInterfaceOrientations_iPad = "UIInterfaceOrientationPortrait UIInterfaceOrientationPortraitUpsideDown UIInterfaceOrientationLandscapeLeft UIInterfaceOrientationLandscapeRight";
				INFOPLIST_KEY_UISupportedInterfaceOrientations_iPhone = "UIInterfaceOrientationPortrait UIInterfaceOrientationLandscapeLeft UIInterfaceOrientationLandscapeRight";
				IPHONEOS_DEPLOYMENT_TARGET = 17.2;
				LD_RUNPATH_SEARCH_PATHS = "@executable_path/Frameworks";
				"LD_RUNPATH_SEARCH_PATHS[sdk=macosx*]" = "@executable_path/../Frameworks";
				MACOSX_DEPLOYMENT_TARGET = 14.0;
				MARKETING_VERSION = 1.0;
				PRODUCT_BUNDLE_IDENTIFIER = com.ariyuki.FinanceApplication;
				PRODUCT_NAME = "$(TARGET_NAME)";
				SDKROOT = auto;
				SUPPORTED_PLATFORMS = "iphoneos iphonesimulator macosx";
				SWIFT_EMIT_LOC_STRINGS = YES;
				SWIFT_VERSION = 5.0;
				TARGETED_DEVICE_FAMILY = "1,2";
			};
			name = Release;
		};
		73908EE72B8CB0A70049745D /* Debug */ = {
			isa = XCBuildConfiguration;
			buildSettings = {
				ALWAYS_EMBED_SWIFT_STANDARD_LIBRARIES = YES;
				BUNDLE_LOADER = "$(TEST_HOST)";
				CODE_SIGN_STYLE = Automatic;
				CURRENT_PROJECT_VERSION = 1;
				DEVELOPMENT_TEAM = XX3ULK22EF;
				GENERATE_INFOPLIST_FILE = YES;
				IPHONEOS_DEPLOYMENT_TARGET = 17.2;
				MACOSX_DEPLOYMENT_TARGET = 14.0;
				MARKETING_VERSION = 1.0;
				PRODUCT_BUNDLE_IDENTIFIER = com.ariyuki.FinanceApplicationTests;
				PRODUCT_NAME = "$(TARGET_NAME)";
				SDKROOT = auto;
				SUPPORTED_PLATFORMS = "iphoneos iphonesimulator macosx";
				SWIFT_EMIT_LOC_STRINGS = NO;
				SWIFT_VERSION = 5.0;
				TARGETED_DEVICE_FAMILY = "1,2";
				TEST_HOST = "$(BUILT_PRODUCTS_DIR)/FinanceApplication.app/$(BUNDLE_EXECUTABLE_FOLDER_PATH)/FinanceApplication";
			};
			name = Debug;
		};
		73908EE82B8CB0A70049745D /* Release */ = {
			isa = XCBuildConfiguration;
			buildSettings = {
				ALWAYS_EMBED_SWIFT_STANDARD_LIBRARIES = YES;
				BUNDLE_LOADER = "$(TEST_HOST)";
				CODE_SIGN_STYLE = Automatic;
				CURRENT_PROJECT_VERSION = 1;
				DEVELOPMENT_TEAM = XX3ULK22EF;
				GENERATE_INFOPLIST_FILE = YES;
				IPHONEOS_DEPLOYMENT_TARGET = 17.2;
				MACOSX_DEPLOYMENT_TARGET = 14.0;
				MARKETING_VERSION = 1.0;
				PRODUCT_BUNDLE_IDENTIFIER = com.ariyuki.FinanceApplicationTests;
				PRODUCT_NAME = "$(TARGET_NAME)";
				SDKROOT = auto;
				SUPPORTED_PLATFORMS = "iphoneos iphonesimulator macosx";
				SWIFT_EMIT_LOC_STRINGS = NO;
				SWIFT_VERSION = 5.0;
				TARGETED_DEVICE_FAMILY = "1,2";
				TEST_HOST = "$(BUILT_PRODUCTS_DIR)/FinanceApplication.app/$(BUNDLE_EXECUTABLE_FOLDER_PATH)/FinanceApplication";
			};
			name = Release;
		};
		73908EEA2B8CB0A70049745D /* Debug */ = {
			isa = XCBuildConfiguration;
			buildSettings = {
				ALWAYS_EMBED_SWIFT_STANDARD_LIBRARIES = YES;
				CODE_SIGN_STYLE = Automatic;
				CURRENT_PROJECT_VERSION = 1;
				DEVELOPMENT_TEAM = XX3ULK22EF;
				GENERATE_INFOPLIST_FILE = YES;
				IPHONEOS_DEPLOYMENT_TARGET = 17.2;
				MACOSX_DEPLOYMENT_TARGET = 14.0;
				MARKETING_VERSION = 1.0;
				PRODUCT_BUNDLE_IDENTIFIER = com.ariyuki.FinanceApplicationUITests;
				PRODUCT_NAME = "$(TARGET_NAME)";
				SDKROOT = auto;
				SUPPORTED_PLATFORMS = "iphoneos iphonesimulator macosx";
				SWIFT_EMIT_LOC_STRINGS = NO;
				SWIFT_VERSION = 5.0;
				TARGETED_DEVICE_FAMILY = "1,2";
				TEST_TARGET_NAME = FinanceApplication;
			};
			name = Debug;
		};
		73908EEB2B8CB0A70049745D /* Release */ = {
			isa = XCBuildConfiguration;
			buildSettings = {
				ALWAYS_EMBED_SWIFT_STANDARD_LIBRARIES = YES;
				CODE_SIGN_STYLE = Automatic;
				CURRENT_PROJECT_VERSION = 1;
				DEVELOPMENT_TEAM = XX3ULK22EF;
				GENERATE_INFOPLIST_FILE = YES;
				IPHONEOS_DEPLOYMENT_TARGET = 17.2;
				MACOSX_DEPLOYMENT_TARGET = 14.0;
				MARKETING_VERSION = 1.0;
				PRODUCT_BUNDLE_IDENTIFIER = com.ariyuki.FinanceApplicationUITests;
				PRODUCT_NAME = "$(TARGET_NAME)";
				SDKROOT = auto;
				SUPPORTED_PLATFORMS = "iphoneos iphonesimulator macosx";
				SWIFT_EMIT_LOC_STRINGS = NO;
				SWIFT_VERSION = 5.0;
				TARGETED_DEVICE_FAMILY = "1,2";
				TEST_TARGET_NAME = FinanceApplication;
			};
			name = Release;
		};
/* End XCBuildConfiguration section */

/* Begin XCConfigurationList section */
		73908EB72B8CB0A50049745D /* Build configuration list for PBXProject "FinanceApplication" */ = {
			isa = XCConfigurationList;
			buildConfigurations = (
				73908EE12B8CB0A70049745D /* Debug */,
				73908EE22B8CB0A70049745D /* Release */,
			);
			defaultConfigurationIsVisible = 0;
			defaultConfigurationName = Release;
		};
		73908EE32B8CB0A70049745D /* Build configuration list for PBXNativeTarget "FinanceApplication" */ = {
			isa = XCConfigurationList;
			buildConfigurations = (
				73908EE42B8CB0A70049745D /* Debug */,
				73908EE52B8CB0A70049745D /* Release */,
			);
			defaultConfigurationIsVisible = 0;
			defaultConfigurationName = Release;
		};
		73908EE62B8CB0A70049745D /* Build configuration list for PBXNativeTarget "FinanceApplicationTests" */ = {
			isa = XCConfigurationList;
			buildConfigurations = (
				73908EE72B8CB0A70049745D /* Debug */,
				73908EE82B8CB0A70049745D /* Release */,
			);
			defaultConfigurationIsVisible = 0;
			defaultConfigurationName = Release;
		};
		73908EE92B8CB0A70049745D /* Build configuration list for PBXNativeTarget "FinanceApplicationUITests" */ = {
			isa = XCConfigurationList;
			buildConfigurations = (
				73908EEA2B8CB0A70049745D /* Debug */,
				73908EEB2B8CB0A70049745D /* Release */,
			);
			defaultConfigurationIsVisible = 0;
			defaultConfigurationName = Release;
		};
/* End XCConfigurationList section */
	};
	rootObject = 73908EB42B8CB0A50049745D /* Project object */;
}
